# @generated - this file is auto-generated by `mise lock` https://mise.jdx.dev/dev-tools/mise-lock.html

[[tools.bats]]
version = "1.14.0"
backend = "aqua:bats-core/bats-core"

[tools.bats."platforms.linux-arm64"]
url = "https://github.com/bats-core/bats-core/archive/refs/tags/v1.14.0.tar.gz"
url_api = "https://api.github.com/repos/bats-core/bats-core/tarball/v1.14.0"

[tools.bats."platforms.linux-arm64-musl"]
url = "https://github.com/bats-core/bats-core/archive/refs/tags/v1.14.0.tar.gz"
url_api = "https://api.github.com/repos/bats-core/bats-core/tarball/v1.14.0"

[tools.bats."platforms.linux-x64"]
url = "https://github.com/bats-core/bats-core/archive/refs/tags/v1.14.0.tar.gz"
url_api = "https://api.github.com/repos/bats-core/bats-core/tarball/v1.14.0"

[tools.bats."platforms.linux-x64-musl"]
url = "https://github.com/bats-core/bats-core/archive/refs/tags/v1.14.0.tar.gz"
url_api = "https://api.github.com/repos/bats-core/bats-core/tarball/v1.14.0"

[tools.bats."platforms.macos-arm64"]
url = "https://github.com/bats-core/bats-core/archive/refs/tags/v1.14.0.tar.gz"
url_api = "https://api.github.com/repos/bats-core/bats-core/tarball/v1.14.0"

[tools.bats."platforms.macos-x64"]
url = "https://github.com/bats-core/bats-core/archive/refs/tags/v1.14.0.tar.gz"
url_api = "https://api.github.com/repos/bats-core/bats-core/tarball/v1.14.0"

[[tools.copier]]
version = "9.17.0"
backend = "pipx:copier"

[[tools.jq]]
version = "1.8.2"
backend = "aqua:jqlang/jq"

[tools.jq."platforms.linux-arm64"]
checksum = "sha256:8b85c817833814ddca00a144c33705546355afccf0cf39b188f3cdb48b852309"
url = "https://github.com/jqlang/jq/releases/download/jq-1.8.2/jq-linux-arm64"
url_api = "https://api.github.com/repos/jqlang/jq/releases/assets/453012756"
provenance = "github-attestations"

[tools.jq."platforms.linux-arm64-musl"]
checksum = "sha256:8b85c817833814ddca00a144c33705546355afccf0cf39b188f3cdb48b852309"
url = "https://github.com/jqlang/jq/releases/download/jq-1.8.2/jq-linux-arm64"
url_api = "https://api.github.com/repos/jqlang/jq/releases/assets/453012756"
provenance = "github-attestations"

[tools.jq."platforms.linux-x64"]
checksum = "sha256:b1c22172dd303f3be49e935aa56aa48a8b7a46e0bc838b4997d3bb451495870f"
url = "https://github.com/jqlang/jq/releases/download/jq-1.8.2/jq-linux-amd64"
url_api = "https://api.github.com/repos/jqlang/jq/releases/assets/453012752"
provenance = "github-attestations"

[tools.jq."platforms.linux-x64-musl"]
checksum = "sha256:b1c22172dd303f3be49e935aa56aa48a8b7a46e0bc838b4997d3bb451495870f"
url = "https://github.com/jqlang/jq/releases/download/jq-1.8.2/jq-linux-amd64"
url_api = "https://api.github.com/repos/jqlang/jq/releases/assets/453012752"
provenance = "github-attestations"

[tools.jq."platforms.macos-arm64"]
checksum = "sha256:2d75340ba57a4b4b4c8708a21c2dc8e958a48aaa8bba13b27f77f6e4c0eca07e"
url = "https://github.com/jqlang/jq/releases/download/jq-1.8.2/jq-macos-arm64"
url_api = "https://api.github.com/repos/jqlang/jq/releases/assets/453012783"
provenance = "github-attestations"

[tools.jq."platforms.macos-x64"]
checksum = "sha256:e94b266e3c26690550006abe63152b782280f4e14374accdf04cbde844f00bc0"
url = "https://github.com/jqlang/jq/releases/download/jq-1.8.2/jq-macos-amd64"
url_api = "https://api.github.com/repos/jqlang/jq/releases/assets/453012782"
provenance = "github-attestations"

[tools.jq."platforms.windows-x64"]
checksum = "sha256:a6fc67fedaf9128a3309a1e2ebb8b986aeccf70122ee46d2cb4849e423f0c627"
url = "https://github.com/jqlang/jq/releases/download/jq-1.8.2/jq-windows-amd64.exe"
url_api = "https://api.github.com/repos/jqlang/jq/releases/assets/453012788"
provenance = "github-attestations"

[[tools.python]]
version = "3.12.13"
backend = "core:python"

[tools.python."platforms.linux-arm64"]
checksum = "sha256:f226576b91491ffa5739aa85726521e9031f4d87f80627d64ed348ac77cb31e9"
url = "https://github.com/astral-sh/python-build-standalone/releases/download/20260718/cpython-3.12.13+20260718-aarch64-unknown-linux-gnu-install_only_stripped.tar.gz"
provenance = "github-attestations"

[tools.python."platforms.linux-arm64-musl"]
checksum = "sha256:55ee512cae752b6a8b04e598923d888311e2ed60e3307a33306ef1ab0f003ae9"
url = "https://github.com/astral-sh/python-build-standalone/releases/download/20260718/cpython-3.12.13+20260718-aarch64-unknown-linux-musl-install_only_stripped.tar.gz"
provenance = "github-attestations"

[tools.python."platforms.linux-x64"]
checksum = "sha256:5854aa6ec71cad00334d5065633c210b2e7feb40956767a59a91791cadcf0b79"
url = "https://github.com/astral-sh/python-build-standalone/releases/download/20260718/cpython-3.12.13+20260718-x86_64-unknown-linux-gnu-install_only_stripped.tar.gz"
provenance = "github-attestations"

[tools.python."platforms.linux-x64-musl"]
checksum = "sha256:d62168126b2d92e5db649cfe89fb13bf165654c027707c0ef80d7823757c9b1d"
url = "https://github.com/astral-sh/python-build-standalone/releases/download/20260718/cpython-3.12.13+20260718-x86_64-unknown-linux-musl-install_only_stripped.tar.gz"
provenance = "github-attestations"

[tools.python."platforms.macos-arm64"]
checksum = "sha256:9a1e9e06175c10efd8378b904b07fa21bd791ab3345d7cdffeb4a76c9ff55903"
url = "https://github.com/astral-sh/python-build-standalone/releases/download/20260718/cpython-3.12.13+20260718-aarch64-apple-darwin-install_only_stripped.tar.gz"
provenance = "github-attestations"

[tools.python."platforms.macos-x64"]
checksum = "sha256:8e6b7e6533bdf746287008edf91102e7bee0a6ca1d24f16c4514237cafd706c5"
url = "https://github.com/astral-sh/python-build-standalone/releases/download/20260718/cpython-3.12.13+20260718-x86_64-apple-darwin-install_only_stripped.tar.gz"
provenance = "github-attestations"

[tools.python."platforms.windows-x64"]
checksum = "sha256:0d422a1439ec308e03f47df551bc30f5994727c456e414b026d202bcda9b7c1c"
url = "https://github.com/astral-sh/python-build-standalone/releases/download/20260718/cpython-3.12.13+20260718-x86_64-pc-windows-msvc-install_only_stripped.tar.gz"
provenance = "github-attestations"

[[tools.shellcheck]]
version = "0.11.0"
backend = "aqua:koalaman/shellcheck"

[tools.shellcheck."platforms.linux-arm64"]
checksum = "sha256:12b331c1d2db6b9eb13cfca64306b1b157a86eb69db83023e261eaa7e7c14588"
url = "https://github.com/koalaman/shellcheck/releases/download/v0.11.0/shellcheck-v0.11.0.linux.aarch64.tar.xz"
url_api = "https://api.github.com/repos/koalaman/shellcheck/releases/assets/279056934"

[tools.shellcheck."platforms.linux-arm64-musl"]
checksum = "sha256:12b331c1d2db6b9eb13cfca64306b1b157a86eb69db83023e261eaa7e7c14588"
url = "https://github.com/koalaman/shellcheck/releases/download/v0.11.0/shellcheck-v0.11.0.linux.aarch64.tar.xz"
url_api = "https://api.github.com/repos/koalaman/shellcheck/releases/assets/279056934"

[tools.shellcheck."platforms.linux-x64"]
checksum = "sha256:8c3be12b05d5c177a04c29e3c78ce89ac86f1595681cab149b65b97c4e227198"
url = "https://github.com/koalaman/shellcheck/releases/download/v0.11.0/shellcheck-v0.11.0.linux.x86_64.tar.xz"
url_api = "https://api.github.com/repos/koalaman/shellcheck/releases/assets/279056942"

[tools.shellcheck."platforms.linux-x64-musl"]
checksum = "sha256:8c3be12b05d5c177a04c29e3c78ce89ac86f1595681cab149b65b97c4e227198"
url = "https://github.com/koalaman/shellcheck/releases/download/v0.11.0/shellcheck-v0.11.0.linux.x86_64.tar.xz"
url_api = "https://api.github.com/repos/koalaman/shellcheck/releases/assets/279056942"

[tools.shellcheck."platforms.macos-arm64"]
checksum = "sha256:56affdd8de5527894dca6dc3d7e0a99a873b0f004d7aabc30ae407d3f48b0a79"
url = "https://github.com/koalaman/shellcheck/releases/download/v0.11.0/shellcheck-v0.11.0.darwin.aarch64.tar.xz"
url_api = "https://api.github.com/repos/koalaman/shellcheck/releases/assets/279056932"

[tools.shellcheck."platforms.macos-x64"]
checksum = "sha256:3c89db4edcab7cf1c27bff178882e0f6f27f7afdf54e859fa041fca10febe4c6"
url = "https://github.com/koalaman/shellcheck/releases/download/v0.11.0/shellcheck-v0.11.0.darwin.x86_64.tar.xz"
url_api = "https://api.github.com/repos/koalaman/shellcheck/releases/assets/279056930"

[tools.shellcheck."platforms.windows-x64"]
checksum = "sha256:8a4e35ab0b331c85d73567b12f2a444df187f483e5079ceffa6bda1faa2e740e"
url = "https://github.com/koalaman/shellcheck/releases/download/v0.11.0/shellcheck-v0.11.0.zip"
url_api = "https://api.github.com/repos/koalaman/shellcheck/releases/assets/279056944"

[[tools.vendir]]
version = "0.46.0"
backend = "aqua:carvel-dev/vendir"

[tools.vendir."platforms.linux-arm64"]
checksum = "sha256:f80a27f1247ad4353b6054ca9d7e13e2511bf70c0e28d85bc314d2177ec2b0d2"
url = "https://github.com/carvel-dev/vendir/releases/download/v0.46.0/vendir-linux-arm64"
url_api = "https://api.github.com/repos/carvel-dev/vendir/releases/assets/441967026"

[tools.vendir."platforms.linux-arm64-musl"]
checksum = "sha256:f80a27f1247ad4353b6054ca9d7e13e2511bf70c0e28d85bc314d2177ec2b0d2"
url = "https://github.com/carvel-dev/vendir/releases/download/v0.46.0/vendir-linux-arm64"
url_api = "https://api.github.com/repos/carvel-dev/vendir/releases/assets/441967026"

[tools.vendir."platforms.linux-x64"]
checksum = "sha256:878f3c77cae21b9b63d0ea6c11454c0008d41652d2eb3d1844fdcf69cca6ae9e"
url = "https://github.com/carvel-dev/vendir/releases/download/v0.46.0/vendir-linux-amd64"
url_api = "https://api.github.com/repos/carvel-dev/vendir/releases/assets/441967030"

[tools.vendir."platforms.linux-x64-musl"]
checksum = "sha256:878f3c77cae21b9b63d0ea6c11454c0008d41652d2eb3d1844fdcf69cca6ae9e"
url = "https://github.com/carvel-dev/vendir/releases/download/v0.46.0/vendir-linux-amd64"
url_api = "https://api.github.com/repos/carvel-dev/vendir/releases/assets/441967030"

[tools.vendir."platforms.macos-arm64"]
checksum = "sha256:e136160aa642231c6eb1df25cbe3e57e5f3848ac0a7e7de57bbc3249fdbd800f"
url = "https://github.com/carvel-dev/vendir/releases/download/v0.46.0/vendir-darwin-arm64"
url_api = "https://api.github.com/repos/carvel-dev/vendir/releases/assets/441967028"

[tools.vendir."platforms.macos-x64"]
checksum = "sha256:5b417c837b0134fabf2c4a322db054eacb8cfbe8d0e8cbbb86afc7e4f0d625fd"
url = "https://github.com/carvel-dev/vendir/releases/download/v0.46.0/vendir-darwin-amd64"
url_api = "https://api.github.com/repos/carvel-dev/vendir/releases/assets/441967041"

[tools.vendir."platforms.windows-x64"]
checksum = "sha256:781c0a9eafb86ddd88d078d29766f6afe5ec7b6b9a28efcb38c7a2424eb745f7"
url = "https://github.com/carvel-dev/vendir/releases/download/v0.46.0/vendir-windows-amd64.exe"
url_api = "https://api.github.com/repos/carvel-dev/vendir/releases/assets/441967027"
